
Microsoft Visual Studio Solution File, Format Version 12.00
# Visual Studio 2012
Project("{FAE04EC0-301F-11D3-BF4B-00C04F79EFBC}") = "DAL", "DAL\DAL.csproj", "{85BB3D6B-EFE8-4145-94C6-987F02F819AC}"
EndProject
Project("{FAE04EC0-301F-11D3-BF4B-00C04F79EFBC}") = "Entity", "Entity\Entity.csproj", "{A4E6CCBB-66A4-4CC0-9E57-A5FE0E72F4DA}"
EndProject
Project("{FAE04EC0-301F-11D3-BF4B-00C04F79EFBC}") = "IDAL", "IDAL\IDAL.csproj", "{D4456426-E278-4AC5-85A8-B9FCC3482106}"
EndProject
Project("{FAE04EC0-301F-11D3-BF4B-00C04F79EFBC}") = "SuperCoolTest", "SuperCoolTest\SuperCoolTest.csproj", "{A7B06CA2-A8E3-4CF6-BCA6-E076D1664D11}"
EndProject
Project("{FAE04EC0-301F-11D3-BF4B-00C04F79EFBC}") = "BL", "BL\BL.csproj", "{20B6A9D3-20FC-408A-95CD-0C18CD77E79A}"
EndProject
Project("{FAE04EC0-301F-11D3-BF4B-00C04F79EFBC}") = "IBL", "IBL\IBL.csproj", "{32A93FB0-4542-473B-9A91-42EC0ADC22BC}"
EndProject
Global
	GlobalSection(SolutionConfigurationPlatforms) = preSolution
		Debug|Any CPU = Debug|Any CPU
		Release|Any CPU = Release|Any CPU
	EndGlobalSection
	GlobalSection(ProjectConfigurationPlatforms) = postSolution
		{85BB3D6B-EFE8-4145-94C6-987F02F819AC}.Debug|Any CPU.ActiveCfg = Debug|Any CPU
		{85BB3D6B-EFE8-4145-94C6-987F02F819AC}.Debug|Any CPU.Build.0 = Debug|Any CPU
		{85BB3D6B-EFE8-4145-94C6-987F02F819AC}.Release|Any CPU.ActiveCfg = Release|Any CPU
		{85BB3D6B-EFE8-4145-94C6-987F02F819AC}.Release|Any CPU.Build.0 = Release|Any CPU
		{A4E6CCBB-66A4-4CC0-9E57-A5FE0E72F4DA}.Debug|Any CPU.ActiveCfg = Debug|Any CPU
		{A4E6CCBB-66A4-4CC0-9E57-A5FE0E72F4DA}.Debug|Any CPU.Build.0 = Debug|Any CPU
		{A4E6CCBB-66A4-4CC0-9E57-A5FE0E72F4DA}.Release|Any CPU.ActiveCfg = Release|Any CPU
		{A4E6CCBB-66A4-4CC0-9E57-A5FE0E72F4DA}.Release|Any CPU.Build.0 = Release|Any CPU
		{D4456426-E278-4AC5-85A8-B9FCC3482106}.Debug|Any CPU.ActiveCfg = Debug|Any CPU
		{D4456426-E278-4AC5-85A8-B9FCC3482106}.Debug|Any CPU.Build.0 = Debug|Any CPU
		{D4456426-E278-4AC5-85A8-B9FCC3482106}.Release|Any CPU.ActiveCfg = Release|Any CPU
		{D4456426-E278-4AC5-85A8-B9FCC3482106}.Release|Any CPU.Build.0 = Release|Any CPU
		{A7B06CA2-A8E3-4CF6-BCA6-E076D1664D11}.Debug|Any CPU.ActiveCfg = Debug|Any CPU
		{A7B06CA2-A8E3-4CF6-BCA6-E076D1664D11}.Debug|Any CPU.Build.0 = Debug|Any CPU
		{A7B06CA2-A8E3-4CF6-BCA6-E076D1664D11}.Release|Any CPU.ActiveCfg = Release|Any CPU
		{A7B06CA2-A8E3-4CF6-BCA6-E076D1664D11}.Release|Any CPU.Build.0 = Release|Any CPU
		{20B6A9D3-20FC-408A-95CD-0C18CD77E79A}.Debug|Any CPU.ActiveCfg = Debug|Any CPU
		{20B6A9D3-20FC-408A-95CD-0C18CD77E79A}.Debug|Any CPU.Build.0 = Debug|Any CPU
		{20B6A9D3-20FC-408A-95CD-0C18CD77E79A}.Release|Any CPU.ActiveCfg = Release|Any CPU
		{20B6A9D3-20FC-408A-95CD-0C18CD77E79A}.Release|Any CPU.Build.0 = Release|Any CPU
		{32A93FB0-4542-473B-9A91-42EC0ADC22BC}.Debug|Any CPU.ActiveCfg = Debug|Any CPU
		{32A93FB0-4542-473B-9A91-42EC0ADC22BC}.Debug|Any CPU.Build.0 = Debug|Any CPU
		{32A93FB0-4542-473B-9A91-42EC0ADC22BC}.Release|Any CPU.ActiveCfg = Release|Any CPU
		{32A93FB0-4542-473B-9A91-42EC0ADC22BC}.Release|Any CPU.Build.0 = Release|Any CPU
	EndGlobalSection
	GlobalSection(SolutionProperties) = preSolution
		HideSolutionNode = FALSE
	EndGlobalSection
EndGlobal
